
Microsoft Visual Studio Solution File, Format Version 12.00
# Visual Studio 15
VisualStudioVersion = 15.0.27130.2036
MinimumVisualStudioVersion = 10.0.40219.1
Project("{FAE04EC0-301F-11D3-BF4B-00C04F79EFBC}") = "BinarySearch", "BinarySearch\BinarySearch.csproj", "{EF15A354-C883-4AFA-A815-69E32513161F}"
EndProject
Global
	GlobalSection(SolutionConfigurationPlatforms) = preSolution
		Debug|Any CPU = Debug|Any CPU
		Release|Any CPU = Release|Any CPU
	EndGlobalSection
	GlobalSection(ProjectConfigurationPlatforms) = postSolution
		{EF15A354-C883-4AFA-A815-69E32513161F}.Debug|Any CPU.ActiveCfg = Debug|Any CPU
		{EF15A354-C883-4AFA-A815-69E32513161F}.Debug|Any CPU.Build.0 = Debug|Any CPU
		{EF15A354-C883-4AFA-A815-69E32513161F}.Release|Any CPU.ActiveCfg = Release|Any CPU
		{EF15A354-C883-4AFA-A815-69E32513161F}.Release|Any CPU.Build.0 = Release|Any CPU
	EndGlobalSection
	GlobalSection(SolutionProperties) = preSolution
		HideSolutionNode = FALSE
	EndGlobalSection
	GlobalSection(ExtensibilityGlobals) = postSolution
		SolutionGuid = {76E35835-7937-4F46-8DC6-1D501751A27A}
	EndGlobalSection
EndGlobal
